PODS:
  - EasyImagy (0.6.0)
  - Firebase/Auth (4.13.0):
    - Firebase/Core
    - FirebaseAuth (= 4.6.1)
  - Firebase/Core (4.13.0):
    - FirebaseAnalytics (= 4.2.0)
    - FirebaseCore (= 4.0.20)
  - Firebase/Database (4.13.0):
    - Firebase/Core
    - FirebaseDatabase (= 4.1.5)
  - Firebase/Storage (4.13.0):
    - Firebase/Core
    - FirebaseStorage (= 2.2.0)
  - FirebaseAnalytics (4.2.0):
    - FirebaseCore (~> 4.0)
    - FirebaseInstanceID (~> 2.0)
    - "GoogleToolboxForMac/NSData+zlib (~> 2.1)"
    - nanopb (~> 0.3)
  - FirebaseAuth (4.6.1):
    - FirebaseAnalytics (~> 4.2)
    - "GoogleToolboxForMac/NSDictionary+URLArguments (~> 2.1)"
    - GTMSessionFetcher/Core (~> 1.1)
  - FirebaseCore (4.0.20):
    - "GoogleToolboxForMac/NSData+zlib (~> 2.1)"
  - FirebaseDatabase (4.1.5):
    - FirebaseAnalytics (~> 4.1)
    - FirebaseCore (~> 4.0)
    - leveldb-library (~> 1.18)
  - FirebaseInstanceID (2.0.10):
    - FirebaseCore (~> 4.0)
  - FirebaseStorage (2.2.0):
    - FirebaseAnalytics (~> 4.1)
    - FirebaseCore (~> 4.0)
    - GTMSessionFetcher/Core (~> 1.1)
  - GoogleToolboxForMac/DebugUtils (2.2.0):
    - GoogleToolboxForMac/Defines (= 2.2.0)
  - GoogleToolboxForMac/Defines (2.2.0)
  - "GoogleToolboxForMac/NSData+zlib (2.2.0)":
    - GoogleToolboxForMac/Defines (= 2.2.0)
  - "GoogleToolboxForMac/NSDictionary+URLArguments (2.2.0)":
    - GoogleToolboxForMac/DebugUtils (= 2.2.0)
    - GoogleToolboxForMac/Defines (= 2.2.0)
    - "GoogleToolboxForMac/NSString+URLArguments (= 2.2.0)"
  - "GoogleToolboxForMac/NSString+URLArguments (2.2.0)"
  - GTMSessionFetcher/Core (1.2.1)
  - leveldb-library (1.20)
  - libwebp (1.0.2):
    - libwebp/core (= 1.0.2)
    - libwebp/dec (= 1.0.2)
    - libwebp/demux (= 1.0.2)
    - libwebp/dsp (= 1.0.2)
    - libwebp/enc (= 1.0.2)
    - libwebp/mux (= 1.0.2)
    - libwebp/utils (= 1.0.2)
    - libwebp/webp (= 1.0.2)
  - libwebp/core (1.0.2):
    - libwebp/webp
  - libwebp/dec (1.0.2):
    - libwebp/core
  - libwebp/demux (1.0.2):
    - libwebp/core
  - libwebp/dsp (1.0.2):
    - libwebp/core
  - libwebp/enc (1.0.2):
    - libwebp/core
  - libwebp/mux (1.0.2):
    - libwebp/core
  - libwebp/utils (1.0.2):
    - libwebp/core
  - libwebp/webp (1.0.2)
  - nanopb (0.3.901):
    - nanopb/decode (= 0.3.901)
    - nanopb/encode (= 0.3.901)
  - nanopb/decode (0.3.901)
  - nanopb/encode (0.3.901)
  - SDWebImage/Core (4.4.6)
  - SDWebImage/WebP (4.4.6):
    - libwebp (>= 0.5)
    - SDWebImage/Core
  - TRMosaicLayout (1.0.0)

DEPENDENCIES:
  - EasyImagy (from `../swift-image`)
  - Firebase/Auth
  - Firebase/Core
  - Firebase/Database
  - Firebase/Storage (~> 4.0)
  - SDWebImage/WebP
  - TRMosaicLayout

SPEC REPOS:
  https://github.com/cocoapods/specs.git:
    - Firebase
    - FirebaseAnalytics
    - FirebaseAuth
    - FirebaseCore
    - FirebaseDatabase
    - FirebaseInstanceID
    - FirebaseStorage
    - GoogleToolboxForMac
    - GTMSessionFetcher
    - leveldb-library
    - libwebp
    - nanopb
    - SDWebImage
    - TRMosaicLayout

EXTERNAL SOURCES:
  EasyImagy:
    :path: "../swift-image"

SPEC CHECKSUMS:
  EasyImagy: f63b20b08f3b55d792ce91f37da20c36d4e0410e
  Firebase: 5ec5e863d269d82d66b4bf56856726f8fb8f0fb3
  FirebaseAnalytics: 7ef69e76a5142f643aeb47c780e1cdce4e23632e
  FirebaseAuth: bf22cacf22c60ab454bf2636f556d8892b10b53f
  FirebaseCore: 90cb1c53d69b556f112a1bf72b5fcfaad7650790
  FirebaseDatabase: 5f0bc6134c5c237cf55f9e1249d406770a75eafd
  FirebaseInstanceID: 8d20d890d65c917f9f7d9950b6e10a760ad34321
  FirebaseStorage: 0c223481c8f89ed300cf1239ddd2d9833622c65f
  GoogleToolboxForMac: ff31605b7d66400dcec09bed5861689aebadda4d
  GTMSessionFetcher: 32aeca0aa144acea523e1c8e053089dec2cb98ca
  leveldb-library: 08cba283675b7ed2d99629a4bc5fd052cd2bb6a5
  libwebp: b068a3bd7c45f7460f6715be7bed1a18fd5d6b48
  nanopb: 2901f78ea1b7b4015c860c2fdd1ea2fee1a18d48
  SDWebImage: 3f3f0c02f09798048c47a5ed0a13f17b063572d8
  TRMosaicLayout: 1875505c48dd2877afd69a8bea7b4c1c63afa5b5

PODFILE CHECKSUM: 97c9948d2f05736b84aa7d3d3d1682332ef86836

COCOAPODS: 1.6.1
