// !$*UTF8*$!
{
	archiveVersion = 1;
	classes = {
	};
	objectVersion = 51;
	objects = {

/* Begin PBXBuildFile section */
		2C6025F70DDC5657CB7597FE /* Pods_InstagramClone.framework in Frameworks */ = {isa = PBXBuildFile; fileRef = A02F922BF6A888861EB10FC9 /* Pods_InstagramClone.framework */; };
		45E0B9E575F52434E5EBEFE1 /* Pods_InstagramCloneUITests.framework in Frameworks */ = {isa = PBXBuildFile; fileRef = 1B447ACE150C3C337574D3FD /* Pods_InstagramCloneUITests.framework */; };
		46D5E05E2298A130003B41DE /* userStruct.swift in Sources */ = {isa = PBXBuildFile; fileRef = 46D5E05D2298A130003B41DE /* userStruct.swift */; };
		46D5E062229DD6FA003B41DE /* folderStruct.swift in Sources */ = {isa = PBXBuildFile; fileRef = 46D5E061229DD6FA003B41DE /* folderStruct.swift */; };
		46D5E064229EDB8C003B41DE /* tagStruct.swift in Sources */ = {isa = PBXBuildFile; fileRef = 46D5E063229EDB8C003B41DE /* tagStruct.swift */; };
		46D5E06822A323A9003B41DE /* userClass.swift in Sources */ = {isa = PBXBuildFile; fileRef = 46D5E06722A323A9003B41DE /* userClass.swift */; };
		46D5E06A22A46505003B41DE /* folderClass.swift in Sources */ = {isa = PBXBuildFile; fileRef = 46D5E06922A46505003B41DE /* folderClass.swift */; };
		46D5E06C22A4697D003B41DE /* tagClass.swift in Sources */ = {isa = PBXBuildFile; fileRef = 46D5E06B22A4697D003B41DE /* tagClass.swift */; };
		46D5E07122A87F15003B41DE /* Folder.swift in Sources */ = {isa = PBXBuildFile; fileRef = 46D5E07022A87F15003B41DE /* Folder.swift */; };
		46D5E07422A87F5F003B41DE /* FolderStruct2.swift in Sources */ = {isa = PBXBuildFile; fileRef = 46D5E07322A87F5F003B41DE /* FolderStruct2.swift */; };
		46D5E07622A87F75003B41DE /* User.swift in Sources */ = {isa = PBXBuildFile; fileRef = 46D5E07522A87F75003B41DE /* User.swift */; };
		46D5E07822A87F89003B41DE /* UserStruct2.swift in Sources */ = {isa = PBXBuildFile; fileRef = 46D5E07722A87F89003B41DE /* UserStruct2.swift */; };
		46D5E07A22A88F14003B41DE /* Tag.swift in Sources */ = {isa = PBXBuildFile; fileRef = 46D5E07922A88F14003B41DE /* Tag.swift */; };
		46D5E07C22A899B1003B41DE /* ParentStruct.swift in Sources */ = {isa = PBXBuildFile; fileRef = 46D5E07B22A899B1003B41DE /* ParentStruct.swift */; };
		46D5E08022ADABC3003B41DE /* StorageStruct.swift in Sources */ = {isa = PBXBuildFile; fileRef = 46D5E07F22ADABC3003B41DE /* StorageStruct.swift */; };
		6E591AF9ECEE74F44925E53C /* Pods_InstagramCloneTests.framework in Frameworks */ = {isa = PBXBuildFile; fileRef = FC945FE0D7581185DE7FBF19 /* Pods_InstagramCloneTests.framework */; };
		89871252229DE98200BE8F23 /* ZoomingImage.swift in Sources */ = {isa = PBXBuildFile; fileRef = 89871251229DE98200BE8F23 /* ZoomingImage.swift */; };
		89871254229DEA2700BE8F23 /* DiscoverPageBackground.swift in Sources */ = {isa = PBXBuildFile; fileRef = 89871253229DEA2700BE8F23 /* DiscoverPageBackground.swift */; };
		89CD1D04229201BA004BD0A0 /* DownloadImage.swift in Sources */ = {isa = PBXBuildFile; fileRef = 89CD1D03229201BA004BD0A0 /* DownloadImage.swift */; };
		8E92367E229C5B4F0071E63C /* HelperFrontEnd.swift in Sources */ = {isa = PBXBuildFile; fileRef = 8E92367D229C5B4F0071E63C /* HelperFrontEnd.swift */; };
		EB3A43322263A07600F6F339 /* HomeCollectionViewController.swift in Sources */ = {isa = PBXBuildFile; fileRef = EB3A43312263A07600F6F339 /* HomeCollectionViewController.swift */; };
		EB3A43342263ACB500F6F339 /* PhotoCell.swift in Sources */ = {isa = PBXBuildFile; fileRef = EB3A43332263ACB500F6F339 /* PhotoCell.swift */; };
		EB3A433A2263CCC000F6F339 /* ProfileCollectionViewCell.swift in Sources */ = {isa = PBXBuildFile; fileRef = EB3A43392263CCC000F6F339 /* ProfileCollectionViewCell.swift */; };
		EB40EF992263E9940093BB5B /* FolderCollectionViewCell.swift in Sources */ = {isa = PBXBuildFile; fileRef = EB40EF982263E9940093BB5B /* FolderCollectionViewCell.swift */; };
		EB40EF9D2263F7E20093BB5B /* InsideFolderCollectionViewController.swift in Sources */ = {isa = PBXBuildFile; fileRef = EB40EF9C2263F7E20093BB5B /* InsideFolderCollectionViewController.swift */; };
		EB41F8E922653170003751FA /* Photo.swift in Sources */ = {isa = PBXBuildFile; fileRef = EB41F8E822653170003751FA /* Photo.swift */; };
		EB41F92722655C26003751FA /* GoogleService-Info.plist in Resources */ = {isa = PBXBuildFile; fileRef = EB41F92622655C26003751FA /* GoogleService-Info.plist */; };
		EB63B7DC226A7584004C7E2C /* HomeCollectionViewCell.swift in Sources */ = {isa = PBXBuildFile; fileRef = EB63B7DB226A7584004C7E2C /* HomeCollectionViewCell.swift */; };
		EB63B7DE226A7933004C7E2C /* CustomImageFlowLayout.swift in Sources */ = {isa = PBXBuildFile; fileRef = EB63B7DD226A7933004C7E2C /* CustomImageFlowLayout.swift */; };
		EB63B7E0226A7EB5004C7E2C /* ImageInsta.swift in Sources */ = {isa = PBXBuildFile; fileRef = EB63B7DF226A7EB5004C7E2C /* ImageInsta.swift */; };
		EB74D3B6226025E900556399 /* AppDelegate.swift in Sources */ = {isa = PBXBuildFile; fileRef = EB74D3B5226025E900556399 /* AppDelegate.swift */; };
		EB74D3B8226025E900556399 /* ViewController.swift in Sources */ = {isa = PBXBuildFile; fileRef = EB74D3B7226025E900556399 /* ViewController.swift */; };
		EB74D3BB226025E900556399 /* Main.storyboard in Resources */ = {isa = PBXBuildFile; fileRef = EB74D3B9226025E900556399 /* Main.storyboard */; };
		EB74D3BD226025EA00556399 /* Assets.xcassets in Resources */ = {isa = PBXBuildFile; fileRef = EB74D3BC226025EA00556399 /* Assets.xcassets */; };
		EB74D3C0226025EA00556399 /* LaunchScreen.storyboard in Resources */ = {isa = PBXBuildFile; fileRef = EB74D3BE226025EA00556399 /* LaunchScreen.storyboard */; };
		EB74D3CB226025EA00556399 /* InstagramCloneTests.swift in Sources */ = {isa = PBXBuildFile; fileRef = EB74D3CA226025EA00556399 /* InstagramCloneTests.swift */; };
		EB74D3D6226025EA00556399 /* InstagramCloneUITests.swift in Sources */ = {isa = PBXBuildFile; fileRef = EB74D3D5226025EA00556399 /* InstagramCloneUITests.swift */; };
		EB74D3E422602B2C00556399 /* SignUpViewController.swift in Sources */ = {isa = PBXBuildFile; fileRef = EB74D3E322602B2C00556399 /* SignUpViewController.swift */; };
		EB74D3EA22603DA900556399 /* CameraViewController.swift in Sources */ = {isa = PBXBuildFile; fileRef = EB74D3E922603DA900556399 /* CameraViewController.swift */; };
		EB74D3EE22603DC200556399 /* ProfileViewController.swift in Sources */ = {isa = PBXBuildFile; fileRef = EB74D3ED22603DC200556399 /* ProfileViewController.swift */; };
		EB74D3F12260437000556399 /* Start.storyboard in Resources */ = {isa = PBXBuildFile; fileRef = EB74D3EF2260437000556399 /* Start.storyboard */; };
		EB74D3F4226045A600556399 /* Home.storyboard in Resources */ = {isa = PBXBuildFile; fileRef = EB74D3F2226045A600556399 /* Home.storyboard */; };
		EB74D3F92260465500556399 /* Camera.storyboard in Resources */ = {isa = PBXBuildFile; fileRef = EB74D3F72260465500556399 /* Camera.storyboard */; };
		EB74D3FE226046C800556399 /* Profile.storyboard in Resources */ = {isa = PBXBuildFile; fileRef = EB74D3FC226046C800556399 /* Profile.storyboard */; };
		EBE992ED226E3B8D002D01CF /* TRCollectionViewController.swift in Sources */ = {isa = PBXBuildFile; fileRef = EBE992EC226E3B8D002D01CF /* TRCollectionViewController.swift */; };
/* End PBXBuildFile section */

/* Begin PBXContainerItemProxy section */
		EB74D3C7226025EA00556399 /* PBXContainerItemProxy */ = {
			isa = PBXContainerItemProxy;
			containerPortal = EB74D3AA226025E900556399 /* Project object */;
			proxyType = 1;
			remoteGlobalIDString = EB74D3B1226025E900556399;
			remoteInfo = InstagramClone;
		};
		EB74D3D2226025EA00556399 /* PBXContainerItemProxy */ = {
			isa = PBXContainerItemProxy;
			containerPortal = EB74D3AA226025E900556399 /* Project object */;
			proxyType = 1;
			remoteGlobalIDString = EB74D3B1226025E900556399;
			remoteInfo = InstagramClone;
		};
/* End PBXContainerItemProxy section */

/* Begin PBXFileReference section */
		1B447ACE150C3C337574D3FD /* Pods_InstagramCloneUITests.framework */ = {isa = PBXFileReference; explicitFileType = wrapper.framework; includeInIndex = 0; path = Pods_InstagramCloneUITests.framework; sourceTree = BUILT_PRODUCTS_DIR; };
		275F63426EF2A9C7A49380AB /* Pods-InstagramClone.release.xcconfig */ = {isa = PBXFileReference; includeInIndex = 1; lastKnownFileType = text.xcconfig; name = "Pods-InstagramClone.release.xcconfig"; path = "Target Support Files/Pods-InstagramClone/Pods-InstagramClone.release.xcconfig"; sourceTree = "<group>"; };
		4053B843C77EE909A8C7461F /* Pods-InstagramCloneUITests.release.xcconfig */ = {isa = PBXFileReference; includeInIndex = 1; lastKnownFileType = text.xcconfig; name = "Pods-InstagramCloneUITests.release.xcconfig"; path = "Target Support Files/Pods-InstagramCloneUITests/Pods-InstagramCloneUITests.release.xcconfig"; sourceTree = "<group>"; };
		46D5E05D2298A130003B41DE /* userStruct.swift */ = {isa = PBXFileReference; lastKnownFileType = sourcecode.swift; path = userStruct.swift; sourceTree = "<group>"; };
		46D5E061229DD6FA003B41DE /* folderStruct.swift */ = {isa = PBXFileReference; lastKnownFileType = sourcecode.swift; path = folderStruct.swift; sourceTree = "<group>"; };
		46D5E063229EDB8C003B41DE /* tagStruct.swift */ = {isa = PBXFileReference; lastKnownFileType = sourcecode.swift; path = tagStruct.swift; sourceTree = "<group>"; };
		46D5E06722A323A9003B41DE /* userClass.swift */ = {isa = PBXFileReference; lastKnownFileType = sourcecode.swift; path = userClass.swift; sourceTree = "<group>"; };
		46D5E06922A46505003B41DE /* folderClass.swift */ = {isa = PBXFileReference; lastKnownFileType = sourcecode.swift; path = folderClass.swift; sourceTree = "<group>"; };
		46D5E06B22A4697D003B41DE /* tagClass.swift */ = {isa = PBXFileReference; lastKnownFileType = sourcecode.swift; path = tagClass.swift; sourceTree = "<group>"; };
		46D5E07022A87F15003B41DE /* Folder.swift */ = {isa = PBXFileReference; lastKnownFileType = sourcecode.swift; path = Folder.swift; sourceTree = "<group>"; };
		46D5E07322A87F5F003B41DE /* FolderStruct2.swift */ = {isa = PBXFileReference; lastKnownFileType = sourcecode.swift; path = FolderStruct2.swift; sourceTree = "<group>"; };
		46D5E07522A87F75003B41DE /* User.swift */ = {isa = PBXFileReference; lastKnownFileType = sourcecode.swift; path = User.swift; sourceTree = "<group>"; };
		46D5E07722A87F89003B41DE /* UserStruct2.swift */ = {isa = PBXFileReference; lastKnownFileType = sourcecode.swift; path = UserStruct2.swift; sourceTree = "<group>"; };
		46D5E07922A88F14003B41DE /* Tag.swift */ = {isa = PBXFileReference; lastKnownFileType = sourcecode.swift; path = Tag.swift; sourceTree = "<group>"; };
		46D5E07B22A899B1003B41DE /* ParentStruct.swift */ = {isa = PBXFileReference; lastKnownFileType = sourcecode.swift; path = ParentStruct.swift; sourceTree = "<group>"; };
		46D5E07F22ADABC3003B41DE /* StorageStruct.swift */ = {isa = PBXFileReference; lastKnownFileType = sourcecode.swift; path = StorageStruct.swift; sourceTree = "<group>"; };
		64A9B990C160D383D7FF0D45 /* Pods-InstagramCloneTests.release.xcconfig */ = {isa = PBXFileReference; includeInIndex = 1; lastKnownFileType = text.xcconfig; name = "Pods-InstagramCloneTests.release.xcconfig"; path = "Target Support Files/Pods-InstagramCloneTests/Pods-InstagramCloneTests.release.xcconfig"; sourceTree = "<group>"; };
		89871251229DE98200BE8F23 /* ZoomingImage.swift */ = {isa = PBXFileReference; lastKnownFileType = sourcecode.swift; path = ZoomingImage.swift; sourceTree = "<group>"; };
		89871253229DEA2700BE8F23 /* DiscoverPageBackground.swift */ = {isa = PBXFileReference; lastKnownFileType = sourcecode.swift; path = DiscoverPageBackground.swift; sourceTree = "<group>"; };
		89CD1D03229201BA004BD0A0 /* DownloadImage.swift */ = {isa = PBXFileReference; lastKnownFileType = sourcecode.swift; path = DownloadImage.swift; sourceTree = "<group>"; };
		8E92367D229C5B4F0071E63C /* HelperFrontEnd.swift */ = {isa = PBXFileReference; lastKnownFileType = sourcecode.swift; path = HelperFrontEnd.swift; sourceTree = "<group>"; };
		A02F922BF6A888861EB10FC9 /* Pods_InstagramClone.framework */ = {isa = PBXFileReference; explicitFileType = wrapper.framework; includeInIndex = 0; path = Pods_InstagramClone.framework; sourceTree = BUILT_PRODUCTS_DIR; };
		AAEE40E3310BDAD7472CA2DB /* Pods-InstagramCloneTests.debug.xcconfig */ = {isa = PBXFileReference; includeInIndex = 1; lastKnownFileType = text.xcconfig; name = "Pods-InstagramCloneTests.debug.xcconfig"; path = "Target Support Files/Pods-InstagramCloneTests/Pods-InstagramCloneTests.debug.xcconfig"; sourceTree = "<group>"; };
		CCFF1EDC4872CD07B6810F1E /* Pods-InstagramClone.debug.xcconfig */ = {isa = PBXFileReference; includeInIndex = 1; lastKnownFileType = text.xcconfig; name = "Pods-InstagramClone.debug.xcconfig"; path = "Target Support Files/Pods-InstagramClone/Pods-InstagramClone.debug.xcconfig"; sourceTree = "<group>"; };
		E4B2D05AE2BF2F59DB788D43 /* Pods-InstagramCloneUITests.debug.xcconfig */ = {isa = PBXFileReference; includeInIndex = 1; lastKnownFileType = text.xcconfig; name = "Pods-InstagramCloneUITests.debug.xcconfig"; path = "Target Support Files/Pods-InstagramCloneUITests/Pods-InstagramCloneUITests.debug.xcconfig"; sourceTree = "<group>"; };
		EB3A43312263A07600F6F339 /* HomeCollectionViewController.swift */ = {isa = PBXFileReference; lastKnownFileType = sourcecode.swift; path = HomeCollectionViewController.swift; sourceTree = "<group>"; };
		EB3A43332263ACB500F6F339 /* PhotoCell.swift */ = {isa = PBXFileReference; lastKnownFileType = sourcecode.swift; path = PhotoCell.swift; sourceTree = "<group>"; };
		EB3A43392263CCC000F6F339 /* ProfileCollectionViewCell.swift */ = {isa = PBXFileReference; lastKnownFileType = sourcecode.swift; path = ProfileCollectionViewCell.swift; sourceTree = "<group>"; };
		EB40EF982263E9940093BB5B /* FolderCollectionViewCell.swift */ = {isa = PBXFileReference; lastKnownFileType = sourcecode.swift; path = FolderCollectionViewCell.swift; sourceTree = "<group>"; };
		EB40EF9C2263F7E20093BB5B /* InsideFolderCollectionViewController.swift */ = {isa = PBXFileReference; lastKnownFileType = sourcecode.swift; path = InsideFolderCollectionViewController.swift; sourceTree = "<group>"; };
		EB41F8E822653170003751FA /* Photo.swift */ = {isa = PBXFileReference; lastKnownFileType = sourcecode.swift; path = Photo.swift; sourceTree = "<group>"; };
		EB41F92622655C26003751FA /* GoogleService-Info.plist */ = {isa = PBXFileReference; fileEncoding = 4; lastKnownFileType = text.plist.xml; path = "GoogleService-Info.plist"; sourceTree = SOURCE_ROOT; };
		EB63B7DB226A7584004C7E2C /* HomeCollectionViewCell.swift */ = {isa = PBXFileReference; lastKnownFileType = sourcecode.swift; path = HomeCollectionViewCell.swift; sourceTree = "<group>"; };
		EB63B7DD226A7933004C7E2C /* CustomImageFlowLayout.swift */ = {isa = PBXFileReference; lastKnownFileType = sourcecode.swift; path = CustomImageFlowLayout.swift; sourceTree = "<group>"; };
		EB63B7DF226A7EB5004C7E2C /* ImageInsta.swift */ = {isa = PBXFileReference; lastKnownFileType = sourcecode.swift; path = ImageInsta.swift; sourceTree = "<group>"; };
		EB74D3B2226025E900556399 /* InstagramClone.app */ = {isa = PBXFileReference; explicitFileType = wrapper.application; includeInIndex = 0; path = InstagramClone.app; sourceTree = BUILT_PRODUCTS_DIR; };
		EB74D3B5226025E900556399 /* AppDelegate.swift */ = {isa = PBXFileReference; lastKnownFileType = sourcecode.swift; path = AppDelegate.swift; sourceTree = "<group>"; };
		EB74D3B7226025E900556399 /* ViewController.swift */ = {isa = PBXFileReference; lastKnownFileType = sourcecode.swift; path = ViewController.swift; sourceTree = "<group>"; };
		EB74D3BA226025E900556399 /* Base */ = {isa = PBXFileReference; lastKnownFileType = file.storyboard; name = Base; path = Base.lproj/Main.storyboard; sourceTree = "<group>"; };
		EB74D3BC226025EA00556399 /* Assets.xcassets */ = {isa = PBXFileReference; lastKnownFileType = folder.assetcatalog; path = Assets.xcassets; sourceTree = "<group>"; };
		EB74D3BF226025EA00556399 /* Base */ = {isa = PBXFileReference; lastKnownFileType = file.storyboard; name = Base; path = Base.lproj/LaunchScreen.storyboard; sourceTree = "<group>"; };
		EB74D3C1226025EA00556399 /* Info.plist */ = {isa = PBXFileReference; lastKnownFileType = text.plist.xml; path = Info.plist; sourceTree = "<group>"; };
		EB74D3C6226025EA00556399 /* InstagramCloneTests.xctest */ = {isa = PBXFileReference; explicitFileType = wrapper.cfbundle; includeInIndex = 0; path = InstagramCloneTests.xctest; sourceTree = BUILT_PRODUCTS_DIR; };
		EB74D3CA226025EA00556399 /* InstagramCloneTests.swift */ = {isa = PBXFileReference; lastKnownFileType = sourcecode.swift; path = InstagramCloneTests.swift; sourceTree = "<group>"; };
		EB74D3CC226025EA00556399 /* Info.plist */ = {isa = PBXFileReference; lastKnownFileType = text.plist.xml; path = Info.plist; sourceTree = "<group>"; };
		EB74D3D1226025EA00556399 /* InstagramCloneUITests.xctest */ = {isa = PBXFileReference; explicitFileType = wrapper.cfbundle; includeInIndex = 0; path = InstagramCloneUITests.xctest; sourceTree = BUILT_PRODUCTS_DIR; };
		EB74D3D5226025EA00556399 /* InstagramCloneUITests.swift */ = {isa = PBXFileReference; lastKnownFileType = sourcecode.swift; path = InstagramCloneUITests.swift; sourceTree = "<group>"; };
		EB74D3D7226025EA00556399 /* Info.plist */ = {isa = PBXFileReference; lastKnownFileType = text.plist.xml; path = Info.plist; sourceTree = "<group>"; };
		EB74D3E322602B2C00556399 /* SignUpViewController.swift */ = {isa = PBXFileReference; lastKnownFileType = sourcecode.swift; path = SignUpViewController.swift; sourceTree = "<group>"; };
		EB74D3E922603DA900556399 /* CameraViewController.swift */ = {isa = PBXFileReference; lastKnownFileType = sourcecode.swift; path = CameraViewController.swift; sourceTree = "<group>"; };
		EB74D3ED22603DC200556399 /* ProfileViewController.swift */ = {isa = PBXFileReference; lastKnownFileType = sourcecode.swift; path = ProfileViewController.swift; sourceTree = "<group>"; };
		EB74D3F02260437000556399 /* Base */ = {isa = PBXFileReference; lastKnownFileType = file.storyboard; name = Base; path = InstagramClone/Base.lproj/Start.storyboard; sourceTree = "<group>"; };
		EB74D3F3226045A600556399 /* Base */ = {isa = PBXFileReference; lastKnownFileType = file.storyboard; name = Base; path = InstagramClone/InstagramClone/Base.lproj/Home.storyboard; sourceTree = "<group>"; };
		EB74D3F82260465500556399 /* Base */ = {isa = PBXFileReference; lastKnownFileType = file.storyboard; name = Base; path = InstagramClone/InstagramClone/Base.lproj/Camera.storyboard; sourceTree = "<group>"; };
		EB74D3FD226046C800556399 /* Base */ = {isa = PBXFileReference; lastKnownFileType = file.storyboard; name = Base; path = InstagramClone/InstagramClone/Base.lproj/Profile.storyboard; sourceTree = "<group>"; };
		EBE992EC226E3B8D002D01CF /* TRCollectionViewController.swift */ = {isa = PBXFileReference; lastKnownFileType = sourcecode.swift; path = TRCollectionViewController.swift; sourceTree = "<group>"; };
		FC945FE0D7581185DE7FBF19 /* Pods_InstagramCloneTests.framework */ = {isa = PBXFileReference; explicitFileType = wrapper.framework; includeInIndex = 0; path = Pods_InstagramCloneTests.framework; sourceTree = BUILT_PRODUCTS_DIR; };
/* End PBXFileReference section */

/* Begin PBXFrameworksBuildPhase section */
		EB74D3AF226025E900556399 /* Frameworks */ = {
			isa = PBXFrameworksBuildPhase;
			buildActionMask = 2147483647;
			files = (
				2C6025F70DDC5657CB7597FE /* Pods_InstagramClone.framework in Frameworks */,
			);
			runOnlyForDeploymentPostprocessing = 0;
		};
		EB74D3C3226025EA00556399 /* Frameworks */ = {
			isa = PBXFrameworksBuildPhase;
			buildActionMask = 2147483647;
			files = (
				6E591AF9ECEE74F44925E53C /* Pods_InstagramCloneTests.framework in Frameworks */,
			);
			runOnlyForDeploymentPostprocessing = 0;
		};
		EB74D3CE226025EA00556399 /* Frameworks */ = {
			isa = PBXFrameworksBuildPhase;
			buildActionMask = 2147483647;
			files = (
				45E0B9E575F52434E5EBEFE1 /* Pods_InstagramCloneUITests.framework in Frameworks */,
			);
			runOnlyForDeploymentPostprocessing = 0;
		};
/* End PBXFrameworksBuildPhase section */

/* Begin PBXGroup section */
		46D5E065229EDCD8003B41DE /* Structures */ = {
			isa = PBXGroup;
			children = (
				89CD1D03229201BA004BD0A0 /* DownloadImage.swift */,
				46D5E063229EDB8C003B41DE /* tagStruct.swift */,
				46D5E07B22A899B1003B41DE /* ParentStruct.swift */,
				46D5E07522A87F75003B41DE /* User.swift */,
				46D5E07022A87F15003B41DE /* Folder.swift */,
				46D5E07922A88F14003B41DE /* Tag.swift */,
				46D5E07322A87F5F003B41DE /* FolderStruct2.swift */,
				46D5E07722A87F89003B41DE /* UserStruct2.swift */,
				46D5E06922A46505003B41DE /* folderClass.swift */,
				46D5E061229DD6FA003B41DE /* folderStruct.swift */,
				46D5E06B22A4697D003B41DE /* tagClass.swift */,
				46D5E05D2298A130003B41DE /* userStruct.swift */,
				46D5E06722A323A9003B41DE /* userClass.swift */,
				EB63B7DF226A7EB5004C7E2C /* ImageInsta.swift */,
				EB41F8E822653170003751FA /* Photo.swift */,
				46D5E07F22ADABC3003B41DE /* StorageStruct.swift */,
			);
			path = Structures;
			sourceTree = "<group>";
		};
		46D5E066229EDCEF003B41DE /* Layouts */ = {
			isa = PBXGroup;
			children = (
				EB63B7DD226A7933004C7E2C /* CustomImageFlowLayout.swift */,
			);
			path = Layouts;
			sourceTree = "<group>";
		};
		72C6EA0D0A89A8447B5FD88A /* Frameworks */ = {
			isa = PBXGroup;
			children = (
				A02F922BF6A888861EB10FC9 /* Pods_InstagramClone.framework */,
				FC945FE0D7581185DE7FBF19 /* Pods_InstagramCloneTests.framework */,
				1B447ACE150C3C337574D3FD /* Pods_InstagramCloneUITests.framework */,
			);
			name = Frameworks;
			sourceTree = "<group>";
		};
		89871250229DE96A00BE8F23 /* Classes */ = {
			isa = PBXGroup;
			children = (
				89871251229DE98200BE8F23 /* ZoomingImage.swift */,
				89871253229DEA2700BE8F23 /* DiscoverPageBackground.swift */,
			);
			path = Classes;
			sourceTree = "<group>";
		};
		8987125B229DF14500BE8F23 /* HelpingStructs */ = {
			isa = PBXGroup;
			children = (
				8E92367D229C5B4F0071E63C /* HelperFrontEnd.swift */,
			);
			path = HelpingStructs;
			sourceTree = "<group>";
		};
		C2EFC41CF087D33E3A5E7F49 /* Pods */ = {
			isa = PBXGroup;
			children = (
				CCFF1EDC4872CD07B6810F1E /* Pods-InstagramClone.debug.xcconfig */,
				275F63426EF2A9C7A49380AB /* Pods-InstagramClone.release.xcconfig */,
				AAEE40E3310BDAD7472CA2DB /* Pods-InstagramCloneTests.debug.xcconfig */,
				64A9B990C160D383D7FF0D45 /* Pods-InstagramCloneTests.release.xcconfig */,
				E4B2D05AE2BF2F59DB788D43 /* Pods-InstagramCloneUITests.debug.xcconfig */,
				4053B843C77EE909A8C7461F /* Pods-InstagramCloneUITests.release.xcconfig */,
			);
			path = Pods;
			sourceTree = "<group>";
		};
		EB74D3A9226025E900556399 = {
			isa = PBXGroup;
			children = (
				EB74D3B4226025E900556399 /* InstagramClone */,
				EB74D3C9226025EA00556399 /* InstagramCloneTests */,
				EB74D3D4226025EA00556399 /* InstagramCloneUITests */,
				EB74D3B3226025E900556399 /* Products */,
				C2EFC41CF087D33E3A5E7F49 /* Pods */,
				72C6EA0D0A89A8447B5FD88A /* Frameworks */,
			);
			sourceTree = "<group>";
		};
		EB74D3B3226025E900556399 /* Products */ = {
			isa = PBXGroup;
			children = (
				EB74D3B2226025E900556399 /* InstagramClone.app */,
				EB74D3C6226025EA00556399 /* InstagramCloneTests.xctest */,
				EB74D3D1226025EA00556399 /* InstagramCloneUITests.xctest */,
			);
			name = Products;
			sourceTree = "<group>";
		};
		EB74D3B4226025E900556399 /* InstagramClone */ = {
			isa = PBXGroup;
			children = (
				46D5E066229EDCEF003B41DE /* Layouts */,
				8987125B229DF14500BE8F23 /* HelpingStructs */,
				89871250229DE96A00BE8F23 /* Classes */,
				EB74D3B5226025E900556399 /* AppDelegate.swift */,
				EB74D3B7226025E900556399 /* ViewController.swift */,
				EB74D3E922603DA900556399 /* CameraViewController.swift */,
				EB74D3E322602B2C00556399 /* SignUpViewController.swift */,
				EB3A43312263A07600F6F339 /* HomeCollectionViewController.swift */,
				EB63B7DB226A7584004C7E2C /* HomeCollectionViewCell.swift */,
				EBE992EC226E3B8D002D01CF /* TRCollectionViewController.swift */,
				46D5E065229EDCD8003B41DE /* Structures */,
				EB3A43332263ACB500F6F339 /* PhotoCell.swift */,
				EB74D3ED22603DC200556399 /* ProfileViewController.swift */,
				EB3A43392263CCC000F6F339 /* ProfileCollectionViewCell.swift */,
				EB40EF9C2263F7E20093BB5B /* InsideFolderCollectionViewController.swift */,
				EB40EF982263E9940093BB5B /* FolderCollectionViewCell.swift */,
				EB74D3FF2260520C00556399 /* Storyboards */,
				EB74D3BC226025EA00556399 /* Assets.xcassets */,
				EB74D3C1226025EA00556399 /* Info.plist */,
				EB41F92622655C26003751FA /* GoogleService-Info.plist */,
			);
			path = InstagramClone;
			sourceTree = "<group>";
		};
		EB74D3C9226025EA00556399 /* InstagramCloneTests */ = {
			isa = PBXGroup;
			children = (
				EB74D3CA226025EA00556399 /* InstagramCloneTests.swift */,
				EB74D3CC226025EA00556399 /* Info.plist */,
			);
			path = InstagramCloneTests;
			sourceTree = "<group>";
		};
		EB74D3D4226025EA00556399 /* InstagramCloneUITests */ = {
			isa = PBXGroup;
			children = (
				EB74D3D5226025EA00556399 /* InstagramCloneUITests.swift */,
				EB74D3D7226025EA00556399 /* Info.plist */,
			);
			path = InstagramCloneUITests;
			sourceTree = "<group>";
		};
		EB74D3FF2260520C00556399 /* Storyboards */ = {
			isa = PBXGroup;
			children = (
				EB74D3BE226025EA00556399 /* LaunchScreen.storyboard */,
				EB74D3B9226025E900556399 /* Main.storyboard */,
				EB74D3EF2260437000556399 /* Start.storyboard */,
				EB74D3F2226045A600556399 /* Home.storyboard */,
				EB74D3F72260465500556399 /* Camera.storyboard */,
				EB74D3FC226046C800556399 /* Profile.storyboard */,
			);
			path = Storyboards;
			sourceTree = "<group>";
		};
/* End PBXGroup section */

/* Begin PBXNativeTarget section */
		EB74D3B1226025E900556399 /* InstagramClone */ = {
			isa = PBXNativeTarget;
			buildConfigurationList = EB74D3DA226025EA00556399 /* Build configuration list for PBXNativeTarget "InstagramClone" */;
			buildPhases = (
				E277E8F0E5C540EE73198546 /* [CP] Check Pods Manifest.lock */,
				EB74D3AE226025E900556399 /* Sources */,
				EB74D3AF226025E900556399 /* Frameworks */,
				EB74D3B0226025E900556399 /* Resources */,
				953066332C75CD4FF1302C0E /* [CP] Embed Pods Frameworks */,
			);
			buildRules = (
			);
			dependencies = (
			);
			name = InstagramClone;
			productName = InstagramClone;
			productReference = EB74D3B2226025E900556399 /* InstagramClone.app */;
			productType = "com.apple.product-type.application";
		};
		EB74D3C5226025EA00556399 /* InstagramCloneTests */ = {
			isa = PBXNativeTarget;
			buildConfigurationList = EB74D3DD226025EA00556399 /* Build configuration list for PBXNativeTarget "InstagramCloneTests" */;
			buildPhases = (
				A5A4CBB87DAA1F4C1C4B438F /* [CP] Check Pods Manifest.lock */,
				EB74D3C2226025EA00556399 /* Sources */,
				EB74D3C3226025EA00556399 /* Frameworks */,
				EB74D3C4226025EA00556399 /* Resources */,
			);
			buildRules = (
			);
			dependencies = (
				EB74D3C8226025EA00556399 /* PBXTargetDependency */,
			);
			name = InstagramCloneTests;
			productName = InstagramCloneTests;
			productReference = EB74D3C6226025EA00556399 /* InstagramCloneTests.xctest */;
			productType = "com.apple.product-type.bundle.unit-test";
		};
		EB74D3D0226025EA00556399 /* InstagramCloneUITests */ = {
			isa = PBXNativeTarget;
			buildConfigurationList = EB74D3E0226025EA00556399 /* Build configuration list for PBXNativeTarget "InstagramCloneUITests" */;
			buildPhases = (
				DA68060155CAA1ADF555814F /* [CP] Check Pods Manifest.lock */,
				EB74D3CD226025EA00556399 /* Sources */,
				EB74D3CE226025EA00556399 /* Frameworks */,
				EB74D3CF226025EA00556399 /* Resources */,
			);
			buildRules = (
			);
			dependencies = (
				EB74D3D3226025EA00556399 /* PBXTargetDependency */,
			);
			name = InstagramCloneUITests;
			productName = InstagramCloneUITests;
			productReference = EB74D3D1226025EA00556399 /* InstagramCloneUITests.xctest */;
			productType = "com.apple.product-type.bundle.ui-testing";
		};
/* End PBXNativeTarget section */

/* Begin PBXProject section */
		EB74D3AA226025E900556399 /* Project object */ = {
			isa = PBXProject;
			attributes = {
				LastSwiftUpdateCheck = 1020;
				LastUpgradeCheck = 1020;
				ORGANIZATIONNAME = "Gedi, Ahmed M";
				TargetAttributes = {
					EB74D3B1226025E900556399 = {
						CreatedOnToolsVersion = 10.2;
					};
					EB74D3C5226025EA00556399 = {
						CreatedOnToolsVersion = 10.2;
						TestTargetID = EB74D3B1226025E900556399;
					};
					EB74D3D0226025EA00556399 = {
						CreatedOnToolsVersion = 10.2;
						TestTargetID = EB74D3B1226025E900556399;
					};
				};
			};
			buildConfigurationList = EB74D3AD226025E900556399 /* Build configuration list for PBXProject "InstagramClone" */;
			compatibilityVersion = "Xcode 9.3";
			developmentRegion = en;
			hasScannedForEncodings = 0;
			knownRegions = (
				en,
				Base,
			);
			mainGroup = EB74D3A9226025E900556399;
			productRefGroup = EB74D3B3226025E900556399 /* Products */;
			projectDirPath = "";
			projectRoot = "";
			targets = (
				EB74D3B1226025E900556399 /* InstagramClone */,
				EB74D3C5226025EA00556399 /* InstagramCloneTests */,
				EB74D3D0226025EA00556399 /* InstagramCloneUITests */,
			);
		};
/* End PBXProject section */

/* Begin PBXResourcesBuildPhase section */
		EB74D3B0226025E900556399 /* Resources */ = {
			isa = PBXResourcesBuildPhase;
			buildActionMask = 2147483647;
			files = (
				EB74D3C0226025EA00556399 /* LaunchScreen.storyboard in Resources */,
				EB74D3F92260465500556399 /* Camera.storyboard in Resources */,
				EB74D3F4226045A600556399 /* Home.storyboard in Resources */,
				EB74D3F12260437000556399 /* Start.storyboard in Resources */,
				EB74D3BD226025EA00556399 /* Assets.xcassets in Resources */,
				EB74D3BB226025E900556399 /* Main.storyboard in Resources */,
				EB74D3FE226046C800556399 /* Profile.storyboard in Resources */,
				EB41F92722655C26003751FA /* GoogleService-Info.plist in Resources */,
			);
			runOnlyForDeploymentPostprocessing = 0;
		};
		EB74D3C4226025EA00556399 /* Resources */ = {
			isa = PBXResourcesBuildPhase;
			buildActionMask = 2147483647;
			files = (
			);
			runOnlyForDeploymentPostprocessing = 0;
		};
		EB74D3CF226025EA00556399 /* Resources */ = {
			isa = PBXResourcesBuildPhase;
			buildActionMask = 2147483647;
			files = (
			);
			runOnlyForDeploymentPostprocessing = 0;
		};
/* End PBXResourcesBuildPhase section */

/* Begin PBXShellScriptBuildPhase section */
		953066332C75CD4FF1302C0E /* [CP] Embed Pods Frameworks */ = {
			isa = PBXShellScriptBuildPhase;
			buildActionMask = 2147483647;
			files = (
			);
			inputFileListPaths = (
				"${PODS_ROOT}/Target Support Files/Pods-InstagramClone/Pods-InstagramClone-frameworks-${CONFIGURATION}-input-files.xcfilelist",
			);
			name = "[CP] Embed Pods Frameworks";
			outputFileListPaths = (
				"${PODS_ROOT}/Target Support Files/Pods-InstagramClone/Pods-InstagramClone-frameworks-${CONFIGURATION}-output-files.xcfilelist",
			);
			runOnlyForDeploymentPostprocessing = 0;
			shellPath = /bin/sh;
			shellScript = "\"${PODS_ROOT}/Target Support Files/Pods-InstagramClone/Pods-InstagramClone-frameworks.sh\"\n";
			showEnvVarsInLog = 0;
		};
		A5A4CBB87DAA1F4C1C4B438F /* [CP] Check Pods Manifest.lock */ = {
			isa = PBXShellScriptBuildPhase;
			buildActionMask = 2147483647;
			files = (
			);
			inputFileListPaths = (
			);
			inputPaths = (
				"${PODS_PODFILE_DIR_PATH}/Podfile.lock",
				"${PODS_ROOT}/Manifest.lock",
			);
			name = "[CP] Check Pods Manifest.lock";
			outputFileListPaths = (
			);
			outputPaths = (
				"$(DERIVED_FILE_DIR)/Pods-InstagramCloneTests-checkManifestLockResult.txt",
			);
			runOnlyForDeploymentPostprocessing = 0;
			shellPath = /bin/sh;
			shellScript = "diff \"${PODS_PODFILE_DIR_PATH}/Podfile.lock\" \"${PODS_ROOT}/Manifest.lock\" > /dev/null\nif [ $? != 0 ] ; then\n    # print error to STDERR\n    echo \"error: The sandbox is not in sync with the Podfile.lock. Run 'pod install' or update your CocoaPods installation.\" >&2\n    exit 1\nfi\n# This output is used by Xcode 'outputs' to avoid re-running this script phase.\necho \"SUCCESS\" > \"${SCRIPT_OUTPUT_FILE_0}\"\n";
			showEnvVarsInLog = 0;
		};
		DA68060155CAA1ADF555814F /* [CP] Check Pods Manifest.lock */ = {
			isa = PBXShellScriptBuildPhase;
			buildActionMask = 2147483647;
			files = (
			);
			inputFileListPaths = (
			);
			inputPaths = (
				"${PODS_PODFILE_DIR_PATH}/Podfile.lock",
				"${PODS_ROOT}/Manifest.lock",
			);
			name = "[CP] Check Pods Manifest.lock";
			outputFileListPaths = (
			);
			outputPaths = (
				"$(DERIVED_FILE_DIR)/Pods-InstagramCloneUITests-checkManifestLockResult.txt",
			);
			runOnlyForDeploymentPostprocessing = 0;
			shellPath = /bin/sh;
			shellScript = "diff \"${PODS_PODFILE_DIR_PATH}/Podfile.lock\" \"${PODS_ROOT}/Manifest.lock\" > /dev/null\nif [ $? != 0 ] ; then\n    # print error to STDERR\n    echo \"error: The sandbox is not in sync with the Podfile.lock. Run 'pod install' or update your CocoaPods installation.\" >&2\n    exit 1\nfi\n# This output is used by Xcode 'outputs' to avoid re-running this script phase.\necho \"SUCCESS\" > \"${SCRIPT_OUTPUT_FILE_0}\"\n";
			showEnvVarsInLog = 0;
		};
		E277E8F0E5C540EE73198546 /* [CP] Check Pods Manifest.lock */ = {
			isa = PBXShellScriptBuildPhase;
			buildActionMask = 2147483647;
			files = (
			);
			inputFileListPaths = (
			);
			inputPaths = (
				"${PODS_PODFILE_DIR_PATH}/Podfile.lock",
				"${PODS_ROOT}/Manifest.lock",
			);
			name = "[CP] Check Pods Manifest.lock";
			outputFileListPaths = (
			);
			outputPaths = (
				"$(DERIVED_FILE_DIR)/Pods-InstagramClone-checkManifestLockResult.txt",
			);
			runOnlyForDeploymentPostprocessing = 0;
			shellPath = /bin/sh;
			shellScript = "diff \"${PODS_PODFILE_DIR_PATH}/Podfile.lock\" \"${PODS_ROOT}/Manifest.lock\" > /dev/null\nif [ $? != 0 ] ; then\n    # print error to STDERR\n    echo \"error: The sandbox is not in sync with the Podfile.lock. Run 'pod install' or update your CocoaPods installation.\" >&2\n    exit 1\nfi\n# This output is used by Xcode 'outputs' to avoid re-running this script phase.\necho \"SUCCESS\" > \"${SCRIPT_OUTPUT_FILE_0}\"\n";
			showEnvVarsInLog = 0;
		};
/* End PBXShellScriptBuildPhase section */

/* Begin PBXSourcesBuildPhase section */
		EB74D3AE226025E900556399 /* Sources */ = {
			isa = PBXSourcesBuildPhase;
			buildActionMask = 2147483647;
			files = (
				EB41F8E922653170003751FA /* Photo.swift in Sources */,
				46D5E06C22A4697D003B41DE /* tagClass.swift in Sources */,
				EB3A43322263A07600F6F339 /* HomeCollectionViewController.swift in Sources */,
				46D5E064229EDB8C003B41DE /* tagStruct.swift in Sources */,
				46D5E062229DD6FA003B41DE /* folderStruct.swift in Sources */,
				EB74D3E422602B2C00556399 /* SignUpViewController.swift in Sources */,
				EB74D3B8226025E900556399 /* ViewController.swift in Sources */,
				EBE992ED226E3B8D002D01CF /* TRCollectionViewController.swift in Sources */,
				46D5E08022ADABC3003B41DE /* StorageStruct.swift in Sources */,
				89871252229DE98200BE8F23 /* ZoomingImage.swift in Sources */,
				8E92367E229C5B4F0071E63C /* HelperFrontEnd.swift in Sources */,
				EB74D3B6226025E900556399 /* AppDelegate.swift in Sources */,
				EB63B7DC226A7584004C7E2C /* HomeCollectionViewCell.swift in Sources */,
				46D5E07A22A88F14003B41DE /* Tag.swift in Sources */,
				89871254229DEA2700BE8F23 /* DiscoverPageBackground.swift in Sources */,
				46D5E07122A87F15003B41DE /* Folder.swift in Sources */,
				46D5E07622A87F75003B41DE /* User.swift in Sources */,
				46D5E07822A87F89003B41DE /* UserStruct2.swift in Sources */,
				EB3A43342263ACB500F6F339 /* PhotoCell.swift in Sources */,
				46D5E07422A87F5F003B41DE /* FolderStruct2.swift in Sources */,
				EB3A433A2263CCC000F6F339 /* ProfileCollectionViewCell.swift in Sources */,
				89CD1D04229201BA004BD0A0 /* DownloadImage.swift in Sources */,
				EB40EF992263E9940093BB5B /* FolderCollectionViewCell.swift in Sources */,
				EB63B7DE226A7933004C7E2C /* CustomImageFlowLayout.swift in Sources */,
				EB74D3EE22603DC200556399 /* ProfileViewController.swift in Sources */,
				EB74D3EA22603DA900556399 /* CameraViewController.swift in Sources */,
				EB40EF9D2263F7E20093BB5B /* InsideFolderCollectionViewController.swift in Sources */,
				46D5E06822A323A9003B41DE /* userClass.swift in Sources */,
				EB63B7E0226A7EB5004C7E2C /* ImageInsta.swift in Sources */,
				46D5E06A22A46505003B41DE /* folderClass.swift in Sources */,
				46D5E05E2298A130003B41DE /* userStruct.swift in Sources */,
				46D5E07C22A899B1003B41DE /* ParentStruct.swift in Sources */,
			);
			runOnlyForDeploymentPostprocessing = 0;
		};
		EB74D3C2226025EA00556399 /* Sources */ = {
			isa = PBXSourcesBuildPhase;
			buildActionMask = 2147483647;
			files = (
				EB74D3CB226025EA00556399 /* InstagramCloneTests.swift in Sources */,
			);
			runOnlyForDeploymentPostprocessing = 0;
		};
		EB74D3CD226025EA00556399 /* Sources */ = {
			isa = PBXSourcesBuildPhase;
			buildActionMask = 2147483647;
			files = (
				EB74D3D6226025EA00556399 /* InstagramCloneUITests.swift in Sources */,
			);
			runOnlyForDeploymentPostprocessing = 0;
		};
/* End PBXSourcesBuildPhase section */

/* Begin PBXTargetDependency section */
		EB74D3C8226025EA00556399 /* PBXTargetDependency */ = {
			isa = PBXTargetDependency;
			target = EB74D3B1226025E900556399 /* InstagramClone */;
			targetProxy = EB74D3C7226025EA00556399 /* PBXContainerItemProxy */;
		};
		EB74D3D3226025EA00556399 /* PBXTargetDependency */ = {
			isa = PBXTargetDependency;
			target = EB74D3B1226025E900556399 /* InstagramClone */;
			targetProxy = EB74D3D2226025EA00556399 /* PBXContainerItemProxy */;
		};
/* End PBXTargetDependency section */

/* Begin PBXVariantGroup section */
		EB74D3B9226025E900556399 /* Main.storyboard */ = {
			isa = PBXVariantGroup;
			children = (
				EB74D3BA226025E900556399 /* Base */,
			);
			name = Main.storyboard;
			sourceTree = "<group>";
		};
		EB74D3BE226025EA00556399 /* LaunchScreen.storyboard */ = {
			isa = PBXVariantGroup;
			children = (
				EB74D3BF226025EA00556399 /* Base */,
			);
			name = LaunchScreen.storyboard;
			sourceTree = "<group>";
		};
		EB74D3EF2260437000556399 /* Start.storyboard */ = {
			isa = PBXVariantGroup;
			children = (
				EB74D3F02260437000556399 /* Base */,
			);
			name = Start.storyboard;
			sourceTree = "<group>";
		};
		EB74D3F2226045A600556399 /* Home.storyboard */ = {
			isa = PBXVariantGroup;
			children = (
				EB74D3F3226045A600556399 /* Base */,
			);
			name = Home.storyboard;
			sourceTree = "<group>";
		};
		EB74D3F72260465500556399 /* Camera.storyboard */ = {
			isa = PBXVariantGroup;
			children = (
				EB74D3F82260465500556399 /* Base */,
			);
			name = Camera.storyboard;
			sourceTree = "<group>";
		};
		EB74D3FC226046C800556399 /* Profile.storyboard */ = {
			isa = PBXVariantGroup;
			children = (
				EB74D3FD226046C800556399 /* Base */,
			);
			name = Profile.storyboard;
			sourceTree = "<group>";
		};
/* End PBXVariantGroup section */

/* Begin XCBuildConfiguration section */
		EB74D3D8226025EA00556399 /* Debug */ = {
			isa = XCBuildConfiguration;
			buildSettings = {
				ALWAYS_SEARCH_USER_PATHS = NO;
				CLANG_ANALYZER_NONNULL = YES;
				CLANG_ANALYZER_NUMBER_OBJECT_CONVERSION = YES_AGGRESSIVE;
				CLANG_CXX_LANGUAGE_STANDARD = "gnu++14";
				CLANG_CXX_LIBRARY = "libc++";
				CLANG_ENABLE_MODULES = YES;
				CLANG_ENABLE_OBJC_ARC = YES;
				CLANG_ENABLE_OBJC_WEAK = YES;
				CLANG_WARN_BLOCK_CAPTURE_AUTORELEASING = YES;
				CLANG_WARN_BOOL_CONVERSION = YES;
				CLANG_WARN_COMMA = YES;
				CLANG_WARN_CONSTANT_CONVERSION = YES;
				CLANG_WARN_DEPRECATED_OBJC_IMPLEMENTATIONS = YES;
				CLANG_WARN_DIRECT_OBJC_ISA_USAGE = YES_ERROR;
				CLANG_WARN_DOCUMENTATION_COMMENTS = YES;
				CLANG_WARN_EMPTY_BODY = YES;
				CLANG_WARN_ENUM_CONVERSION = YES;
				CLANG_WARN_INFINITE_RECURSION = YES;
				CLANG_WARN_INT_CONVERSION = YES;
				CLANG_WARN_NON_LITERAL_NULL_CONVERSION = YES;
				CLANG_WARN_OBJC_IMPLICIT_RETAIN_SELF = YES;
				CLANG_WARN_OBJC_LITERAL_CONVERSION = YES;
				CLANG_WARN_OBJC_ROOT_CLASS = YES_ERROR;
				CLANG_WARN_RANGE_LOOP_ANALYSIS = YES;
				CLANG_WARN_STRICT_PROTOTYPES = YES;
				CLANG_WARN_SUSPICIOUS_MOVE = YES;
				CLANG_WARN_UNGUARDED_AVAILABILITY = YES_AGGRESSIVE;
				CLANG_WARN_UNREACHABLE_CODE = YES;
				CLANG_WARN__DUPLICATE_METHOD_MATCH = YES;
				CODE_SIGN_IDENTITY = "iPhone Developer";
				COPY_PHASE_STRIP = NO;
				DEBUG_INFORMATION_FORMAT = dwarf;
				ENABLE_STRICT_OBJC_MSGSEND = YES;
				ENABLE_TESTABILITY = YES;
				GCC_C_LANGUAGE_STANDARD = gnu11;
				GCC_DYNAMIC_NO_PIC = NO;
				GCC_NO_COMMON_BLOCKS = YES;
				GCC_OPTIMIZATION_LEVEL = 0;
				GCC_PREPROCESSOR_DEFINITIONS = (
					"DEBUG=1",
					"$(inherited)",
				);
				GCC_WARN_64_TO_32_BIT_CONVERSION = YES;
				GCC_WARN_ABOUT_RETURN_TYPE = YES_ERROR;
				GCC_WARN_UNDECLARED_SELECTOR = YES;
				GCC_WARN_UNINITIALIZED_AUTOS = YES_AGGRESSIVE;
				GCC_WARN_UNUSED_FUNCTION = YES;
				GCC_WARN_UNUSED_VARIABLE = YES;
				IPHONEOS_DEPLOYMENT_TARGET = 12.2;
				MTL_ENABLE_DEBUG_INFO = INCLUDE_SOURCE;
				MTL_FAST_MATH = YES;
				ONLY_ACTIVE_ARCH = YES;
				SDKROOT = iphoneos;
				SWIFT_ACTIVE_COMPILATION_CONDITIONS = DEBUG;
				SWIFT_OPTIMIZATION_LEVEL = "-Onone";
			};
			name = Debug;
		};
		EB74D3D9226025EA00556399 /* Release */ = {
			isa = XCBuildConfiguration;
			buildSettings = {
				ALWAYS_SEARCH_USER_PATHS = NO;
				CLANG_ANALYZER_NONNULL = YES;
				CLANG_ANALYZER_NUMBER_OBJECT_CONVERSION = YES_AGGRESSIVE;
				CLANG_CXX_LANGUAGE_STANDARD = "gnu++14";
				CLANG_CXX_LIBRARY = "libc++";
				CLANG_ENABLE_MODULES = YES;
				CLANG_ENABLE_OBJC_ARC = YES;
				CLANG_ENABLE_OBJC_WEAK = YES;
				CLANG_WARN_BLOCK_CAPTURE_AUTORELEASING = YES;
				CLANG_WARN_BOOL_CONVERSION = YES;
				CLANG_WARN_COMMA = YES;
				CLANG_WARN_CONSTANT_CONVERSION = YES;
				CLANG_WARN_DEPRECATED_OBJC_IMPLEMENTATIONS = YES;
				CLANG_WARN_DIRECT_OBJC_ISA_USAGE = YES_ERROR;
				CLANG_WARN_DOCUMENTATION_COMMENTS = YES;
				CLANG_WARN_EMPTY_BODY = YES;
				CLANG_WARN_ENUM_CONVERSION = YES;
				CLANG_WARN_INFINITE_RECURSION = YES;
				CLANG_WARN_INT_CONVERSION = YES;
				CLANG_WARN_NON_LITERAL_NULL_CONVERSION = YES;
				CLANG_WARN_OBJC_IMPLICIT_RETAIN_SELF = YES;
				CLANG_WARN_OBJC_LITERAL_CONVERSION = YES;
				CLANG_WARN_OBJC_ROOT_CLASS = YES_ERROR;
				CLANG_WARN_RANGE_LOOP_ANALYSIS = YES;
				CLANG_WARN_STRICT_PROTOTYPES = YES;
				CLANG_WARN_SUSPICIOUS_MOVE = YES;
				CLANG_WARN_UNGUARDED_AVAILABILITY = YES_AGGRESSIVE;
				CLANG_WARN_UNREACHABLE_CODE = YES;
				CLANG_WARN__DUPLICATE_METHOD_MATCH = YES;
				CODE_SIGN_IDENTITY = "iPhone Developer";
				COPY_PHASE_STRIP = NO;
				DEBUG_INFORMATION_FORMAT = "dwarf-with-dsym";
				ENABLE_NS_ASSERTIONS = NO;
				ENABLE_STRICT_OBJC_MSGSEND = YES;
				GCC_C_LANGUAGE_STANDARD = gnu11;
				GCC_NO_COMMON_BLOCKS = YES;
				GCC_WARN_64_TO_32_BIT_CONVERSION = YES;
				GCC_WARN_ABOUT_RETURN_TYPE = YES_ERROR;
				GCC_WARN_UNDECLARED_SELECTOR = YES;
				GCC_WARN_UNINITIALIZED_AUTOS = YES_AGGRESSIVE;
				GCC_WARN_UNUSED_FUNCTION = YES;
				GCC_WARN_UNUSED_VARIABLE = YES;
				IPHONEOS_DEPLOYMENT_TARGET = 12.2;
				MTL_ENABLE_DEBUG_INFO = NO;
				MTL_FAST_MATH = YES;
				SDKROOT = iphoneos;
				SWIFT_COMPILATION_MODE = wholemodule;
				SWIFT_OPTIMIZATION_LEVEL = "-O";
				VALIDATE_PRODUCT = YES;
			};
			name = Release;
		};
		EB74D3DB226025EA00556399 /* Debug */ = {
			isa = XCBuildConfiguration;
			baseConfigurationReference = CCFF1EDC4872CD07B6810F1E /* Pods-InstagramClone.debug.xcconfig */;
			buildSettings = {
				ASSETCATALOG_COMPILER_APPICON_NAME = AppIcon;
				CODE_SIGN_STYLE = Automatic;
				DEVELOPMENT_TEAM = 3U2RYAR5C3;
				INFOPLIST_FILE = InstagramClone/Info.plist;
				LD_RUNPATH_SEARCH_PATHS = (
					"$(inherited)",
					"@executable_path/Frameworks",
				);
				PRODUCT_BUNDLE_IDENTIFIER = com.cinch.InstagramCl;
				PRODUCT_NAME = "$(TARGET_NAME)";
				SWIFT_VERSION = 5.0;
				TARGETED_DEVICE_FAMILY = "1,2";
			};
			name = Debug;
		};
		EB74D3DC226025EA00556399 /* Release */ = {
			isa = XCBuildConfiguration;
			baseConfigurationReference = 275F63426EF2A9C7A49380AB /* Pods-InstagramClone.release.xcconfig */;
			buildSettings = {
				ASSETCATALOG_COMPILER_APPICON_NAME = AppIcon;
				CODE_SIGN_STYLE = Automatic;
				DEVELOPMENT_TEAM = 3U2RYAR5C3;
				INFOPLIST_FILE = InstagramClone/Info.plist;
				LD_RUNPATH_SEARCH_PATHS = (
					"$(inherited)",
					"@executable_path/Frameworks",
				);
				PRODUCT_BUNDLE_IDENTIFIER = com.cinch.InstagramCl;
				PRODUCT_NAME = "$(TARGET_NAME)";
				SWIFT_VERSION = 5.0;
				TARGETED_DEVICE_FAMILY = "1,2";
			};
			name = Release;
		};
		EB74D3DE226025EA00556399 /* Debug */ = {
			isa = XCBuildConfiguration;
			baseConfigurationReference = AAEE40E3310BDAD7472CA2DB /* Pods-InstagramCloneTests.debug.xcconfig */;
			buildSettings = {
				ALWAYS_EMBED_SWIFT_STANDARD_LIBRARIES = YES;
				BUNDLE_LOADER = "$(TEST_HOST)";
				CODE_SIGN_STYLE = Automatic;
				INFOPLIST_FILE = InstagramCloneTests/Info.plist;
				LD_RUNPATH_SEARCH_PATHS = (
					"$(inherited)",
					"@executable_path/Frameworks",
					"@loader_path/Frameworks",
				);
				PRODUCT_BUNDLE_IDENTIFIER = com.cinch.InstagramCloneTests;
				PRODUCT_NAME = "$(TARGET_NAME)";
				SWIFT_VERSION = 5.0;
				TARGETED_DEVICE_FAMILY = "1,2";
				TEST_HOST = "$(BUILT_PRODUCTS_DIR)/InstagramClone.app/InstagramClone";
			};
			name = Debug;
		};
		EB74D3DF226025EA00556399 /* Release */ = {
			isa = XCBuildConfiguration;
			baseConfigurationReference = 64A9B990C160D383D7FF0D45 /* Pods-InstagramCloneTests.release.xcconfig */;
			buildSettings = {
				ALWAYS_EMBED_SWIFT_STANDARD_LIBRARIES = YES;
				BUNDLE_LOADER = "$(TEST_HOST)";
				CODE_SIGN_STYLE = Automatic;
				INFOPLIST_FILE = InstagramCloneTests/Info.plist;
				LD_RUNPATH_SEARCH_PATHS = (
					"$(inherited)",
					"@executable_path/Frameworks",
					"@loader_path/Frameworks",
				);
				PRODUCT_BUNDLE_IDENTIFIER = com.cinch.InstagramCloneTests;
				PRODUCT_NAME = "$(TARGET_NAME)";
				SWIFT_VERSION = 5.0;
				TARGETED_DEVICE_FAMILY = "1,2";
				TEST_HOST = "$(BUILT_PRODUCTS_DIR)/InstagramClone.app/InstagramClone";
			};
			name = Release;
		};
		EB74D3E1226025EA00556399 /* Debug */ = {
			isa = XCBuildConfiguration;
			baseConfigurationReference = E4B2D05AE2BF2F59DB788D43 /* Pods-InstagramCloneUITests.debug.xcconfig */;
			buildSettings = {
				ALWAYS_EMBED_SWIFT_STANDARD_LIBRARIES = YES;
				CODE_SIGN_STYLE = Automatic;
				INFOPLIST_FILE = InstagramCloneUITests/Info.plist;
				LD_RUNPATH_SEARCH_PATHS = (
					"$(inherited)",
					"@executable_path/Frameworks",
					"@loader_path/Frameworks",
				);
				PRODUCT_BUNDLE_IDENTIFIER = com.cinch.InstagramCloneUITests;
				PRODUCT_NAME = "$(TARGET_NAME)";
				SWIFT_VERSION = 5.0;
				TARGETED_DEVICE_FAMILY = "1,2";
				TEST_TARGET_NAME = InstagramClone;
			};
			name = Debug;
		};
		EB74D3E2226025EA00556399 /* Release */ = {
			isa = XCBuildConfiguration;
			baseConfigurationReference = 4053B843C77EE909A8C7461F /* Pods-InstagramCloneUITests.release.xcconfig */;
			buildSettings = {
				ALWAYS_EMBED_SWIFT_STANDARD_LIBRARIES = YES;
				CODE_SIGN_STYLE = Automatic;
				INFOPLIST_FILE = InstagramCloneUITests/Info.plist;
				LD_RUNPATH_SEARCH_PATHS = (
					"$(inherited)",
					"@executable_path/Frameworks",
					"@loader_path/Frameworks",
				);
				PRODUCT_BUNDLE_IDENTIFIER = com.cinch.InstagramCloneUITests;
				PRODUCT_NAME = "$(TARGET_NAME)";
				SWIFT_VERSION = 5.0;
				TARGETED_DEVICE_FAMILY = "1,2";
				TEST_TARGET_NAME = InstagramClone;
			};
			name = Release;
		};
/* End XCBuildConfiguration section */

/* Begin XCConfigurationList section */
		EB74D3AD226025E900556399 /* Build configuration list for PBXProject "InstagramClone" */ = {
			isa = XCConfigurationList;
			buildConfigurations = (
				EB74D3D8226025EA00556399 /* Debug */,
				EB74D3D9226025EA00556399 /* Release */,
			);
			defaultConfigurationIsVisible = 0;
			defaultConfigurationName = Release;
		};
		EB74D3DA226025EA00556399 /* Build configuration list for PBXNativeTarget "InstagramClone" */ = {
			isa = XCConfigurationList;
			buildConfigurations = (
				EB74D3DB226025EA00556399 /* Debug */,
				EB74D3DC226025EA00556399 /* Release */,
			);
			defaultConfigurationIsVisible = 0;
			defaultConfigurationName = Release;
		};
		EB74D3DD226025EA00556399 /* Build configuration list for PBXNativeTarget "InstagramCloneTests" */ = {
			isa = XCConfigurationList;
			buildConfigurations = (
				EB74D3DE226025EA00556399 /* Debug */,
				EB74D3DF226025EA00556399 /* Release */,
			);
			defaultConfigurationIsVisible = 0;
			defaultConfigurationName = Release;
		};
		EB74D3E0226025EA00556399 /* Build configuration list for PBXNativeTarget "InstagramCloneUITests" */ = {
			isa = XCConfigurationList;
			buildConfigurations = (
				EB74D3E1226025EA00556399 /* Debug */,
				EB74D3E2226025EA00556399 /* Release */,
			);
			defaultConfigurationIsVisible = 0;
			defaultConfigurationName = Release;
		};
/* End XCConfigurationList section */
	};
	rootObject = EB74D3AA226025E900556399 /* Project object */;
}
